
Microsoft Visual Studio Solution File, Format Version 12.00
# Visual Studio 15
VisualStudioVersion = 15.0.27130.2027
MinimumVisualStudioVersion = 10.0.40219.1
Project("{9A19103F-16F7-4668-BE54-9A1E7A4F7556}") = "Dapper.GraphQL.Reflect", "Dapper.GraphQL.Reflect\Dapper.GraphQL.Reflect.csproj", "{680F8F30-71C8-45A8-AFB0-9AF7FF93C8FF}"
EndProject
Project("{FAE04EC0-301F-11D3-BF4B-00C04F79EFBC}") = "Example", "Example\Example.csproj", "{3E8C1F76-F5DE-4591-B30D-2A2E0CE9CF51}"
EndProject
Global
	GlobalSection(SolutionConfigurationPlatforms) = preSolution
		Debug|Any CPU = Debug|Any CPU
		Release|Any CPU = Release|Any CPU
	EndGlobalSection
	GlobalSection(ProjectConfigurationPlatforms) = postSolution
		{680F8F30-71C8-45A8-AFB0-9AF7FF93C8FF}.Debug|Any CPU.ActiveCfg = Debug|Any CPU
		{680F8F30-71C8-45A8-AFB0-9AF7FF93C8FF}.Debug|Any CPU.Build.0 = Debug|Any CPU
		{680F8F30-71C8-45A8-AFB0-9AF7FF93C8FF}.Release|Any CPU.ActiveCfg = Release|Any CPU
		{680F8F30-71C8-45A8-AFB0-9AF7FF93C8FF}.Release|Any CPU.Build.0 = Release|Any CPU
		{3E8C1F76-F5DE-4591-B30D-2A2E0CE9CF51}.Debug|Any CPU.ActiveCfg = Debug|Any CPU
		{3E8C1F76-F5DE-4591-B30D-2A2E0CE9CF51}.Debug|Any CPU.Build.0 = Debug|Any CPU
		{3E8C1F76-F5DE-4591-B30D-2A2E0CE9CF51}.Release|Any CPU.ActiveCfg = Release|Any CPU
		{3E8C1F76-F5DE-4591-B30D-2A2E0CE9CF51}.Release|Any CPU.Build.0 = Release|Any CPU
	EndGlobalSection
	GlobalSection(SolutionProperties) = preSolution
		HideSolutionNode = FALSE
	EndGlobalSection
	GlobalSection(ExtensibilityGlobals) = postSolution
		SolutionGuid = {4F9EBECE-026E-46E6-AC4D-7AAD8236E4E2}
	EndGlobalSection
EndGlobal
